
Microsoft Visual Studio Solution File, Format Version 12.00
# Visual Studio 15
VisualStudioVersion = 15.0.28307.438
MinimumVisualStudioVersion = 10.0.40219.1
Project("{FAE04EC0-301F-11D3-BF4B-00C04F79EFBC}") = "MyDisneyMovies.UI", "MyDisneyMovies.UI\MyDisneyMovies.UI.csproj", "{8F11ABD9-4FAD-44B0-BA94-51FE4930EFFF}"
EndProject
Project("{FAE04EC0-301F-11D3-BF4B-00C04F79EFBC}") = "MyDisneyMovies.Core", "MyDisneyMovies.Core\MyDisneyMovies.Core.csproj", "{6C67FF5B-D0A0-4D69-8DD6-5C84A1D83B93}"
EndProject
Project("{FAE04EC0-301F-11D3-BF4B-00C04F79EFBC}") = "MyDisneyMovies.Core.Tests", "MyDisneyMovies.Core.Tests\MyDisneyMovies.Core.Tests.csproj", "{ABC4F6D3-A983-4E9B-84D4-8FFC76C2DC6E}"
EndProject
Global
	GlobalSection(SolutionConfigurationPlatforms) = preSolution
		Debug|Any CPU = Debug|Any CPU
		Release|Any CPU = Release|Any CPU
	EndGlobalSection
	GlobalSection(ProjectConfigurationPlatforms) = postSolution
		{8F11ABD9-4FAD-44B0-BA94-51FE4930EFFF}.Debug|Any CPU.ActiveCfg = Debug|Any CPU
		{8F11ABD9-4FAD-44B0-BA94-51FE4930EFFF}.Debug|Any CPU.Build.0 = Debug|Any CPU
		{8F11ABD9-4FAD-44B0-BA94-51FE4930EFFF}.Release|Any CPU.ActiveCfg = Release|Any CPU
		{8F11ABD9-4FAD-44B0-BA94-51FE4930EFFF}.Release|Any CPU.Build.0 = Release|Any CPU
		{6C67FF5B-D0A0-4D69-8DD6-5C84A1D83B93}.Debug|Any CPU.ActiveCfg = Debug|Any CPU
		{6C67FF5B-D0A0-4D69-8DD6-5C84A1D83B93}.Debug|Any CPU.Build.0 = Debug|Any CPU
		{6C67FF5B-D0A0-4D69-8DD6-5C84A1D83B93}.Release|Any CPU.ActiveCfg = Release|Any CPU
		{6C67FF5B-D0A0-4D69-8DD6-5C84A1D83B93}.Release|Any CPU.Build.0 = Release|Any CPU
		{ABC4F6D3-A983-4E9B-84D4-8FFC76C2DC6E}.Debug|Any CPU.ActiveCfg = Debug|Any CPU
		{ABC4F6D3-A983-4E9B-84D4-8FFC76C2DC6E}.Debug|Any CPU.Build.0 = Debug|Any CPU
		{ABC4F6D3-A983-4E9B-84D4-8FFC76C2DC6E}.Release|Any CPU.ActiveCfg = Release|Any CPU
		{ABC4F6D3-A983-4E9B-84D4-8FFC76C2DC6E}.Release|Any CPU.Build.0 = Release|Any CPU
	EndGlobalSection
	GlobalSection(SolutionProperties) = preSolution
		HideSolutionNode = FALSE
	EndGlobalSection
	GlobalSection(ExtensibilityGlobals) = postSolution
		SolutionGuid = {64FBCB53-06AE-4222-B564-DD1441634E0C}
	EndGlobalSection
EndGlobal
